version = 1
requires-python = ">=3.12"

[[package]]
name = "autopep8"
version = "2.3.1"
source = { registry = "https://pypi.org/simple" }
dependencies = [
    { name = "pycodestyle" },
]
sdist = { url = "https://files.pythonhosted.org/packages/6c/52/65556a5f917a4b273fd1b705f98687a6bd721dbc45966f0f6687e90a18b0/autopep8-2.3.1.tar.gz", hash = "sha256:8d6c87eba648fdcfc83e29b788910b8643171c395d9c4bcf115ece035b9c9dda", size = 92064 }
wheels = [
    { url = "https://files.pythonhosted.org/packages/ad/9e/f0beffe45b507dca9d7540fad42b316b2fd1076dc484c9b1f23d9da570d7/autopep8-2.3.1-py2.py3-none-any.whl", hash = "sha256:a203fe0fcad7939987422140ab17a930f684763bf7335bdb6709991dd7ef6c2d", size = 45667 },
]

[[package]]
name = "debugpy"
version = "1.8.11"
source = { registry = "https://pypi.org/simple" }
sdist = { url = "https://files.pythonhosted.org/packages/bc/e7/666f4c9b0e24796af50aadc28d36d21c2e01e831a934535f956e09b3650c/debugpy-1.8.11.tar.gz", hash = "sha256:6ad2688b69235c43b020e04fecccdf6a96c8943ca9c2fb340b8adc103c655e57", size = 1640124 }
wheels = [
    { url = "https://files.pythonhosted.org/packages/c6/ae/2cf26f3111e9d94384d9c01e9d6170188b0aeda15b60a4ac6457f7c8a26f/debugpy-1.8.11-cp312-cp312-macosx_14_0_universal2.whl", hash = "sha256:84e511a7545d11683d32cdb8f809ef63fc17ea2a00455cc62d0a4dbb4ed1c308", size = 2498756 },
    { url = "https://files.pythonhosted.org/packages/b0/16/ec551789d547541a46831a19aa15c147741133da188e7e6acf77510545a7/debugpy-1.8.11-cp312-cp312-manylinux_2_5_x86_64.manylinux1_x86_64.manylinux_2_17_x86_64.manylinux2014_x86_64.whl", hash = "sha256:ce291a5aca4985d82875d6779f61375e959208cdf09fcec40001e65fb0a54768", size = 4219136 },
    { url = "https://files.pythonhosted.org/packages/72/6f/b2b3ce673c55f882d27a6eb04a5f0c68bcad6b742ac08a86d8392ae58030/debugpy-1.8.11-cp312-cp312-win32.whl", hash = "sha256:28e45b3f827d3bf2592f3cf7ae63282e859f3259db44ed2b129093ca0ac7940b", size = 5224440 },
    { url = "https://files.pythonhosted.org/packages/77/09/b1f05be802c1caef5b3efc042fc6a7cadd13d8118b072afd04a9b9e91e06/debugpy-1.8.11-cp312-cp312-win_amd64.whl", hash = "sha256:44b1b8e6253bceada11f714acf4309ffb98bfa9ac55e4fce14f9e5d4484287a1", size = 5264578 },
    { url = "https://files.pythonhosted.org/packages/2e/66/931dc2479aa8fbf362dc6dcee707d895a84b0b2d7b64020135f20b8db1ed/debugpy-1.8.11-cp313-cp313-macosx_14_0_universal2.whl", hash = "sha256:8988f7163e4381b0da7696f37eec7aca19deb02e500245df68a7159739bbd0d3", size = 2483651 },
    { url = "https://files.pythonhosted.org/packages/10/07/6c171d0fe6b8d237e35598b742f20ba062511b3a4631938cc78eefbbf847/debugpy-1.8.11-cp313-cp313-manylinux_2_5_x86_64.manylinux1_x86_64.manylinux_2_17_x86_64.manylinux2014_x86_64.whl", hash = "sha256:6c1f6a173d1140e557347419767d2b14ac1c9cd847e0b4c5444c7f3144697e4e", size = 4213770 },
    { url = "https://files.pythonhosted.org/packages/89/f1/0711da6ac250d4fe3bf7b3e9b14b4a86e82a98b7825075c07e19bab8da3d/debugpy-1.8.11-cp313-cp313-win32.whl", hash = "sha256:bb3b15e25891f38da3ca0740271e63ab9db61f41d4d8541745cfc1824252cb28", size = 5223911 },
    { url = "https://files.pythonhosted.org/packages/56/98/5e27fa39050749ed460025bcd0034a0a5e78a580a14079b164cc3abdeb98/debugpy-1.8.11-cp313-cp313-win_amd64.whl", hash = "sha256:d8768edcbeb34da9e11bcb8b5c2e0958d25218df7a6e56adf415ef262cd7b6d1", size = 5264166 },
    { url = "https://files.pythonhosted.org/packages/77/0a/d29a5aacf47b4383ed569b8478c02d59ee3a01ad91224d2cff8562410e43/debugpy-1.8.11-py2.py3-none-any.whl", hash = "sha256:0e22f846f4211383e6a416d04b4c13ed174d24cc5d43f5fd52e7821d0ebc8920", size = 5226874 },
]

[[package]]
name = "glcontext"
version = "3.0.0"
source = { registry = "https://pypi.org/simple" }
sdist = { url = "https://files.pythonhosted.org/packages/3a/80/8238a0e6e972292061176141c1028b5e670aa8c94cf4c2f819bd730d314e/glcontext-3.0.0.tar.gz", hash = "sha256:57168edcd38df2fc0d70c318edf6f7e59091fba1cd3dadb289d0aa50449211ef", size = 16422 }
wheels = [
    { url = "https://files.pythonhosted.org/packages/6e/61/d8f77d44bbf477b235ecbff8d421a5511d4b4f6dc676dacd84d012348516/glcontext-3.0.0-cp312-cp312-macosx_10_9_x86_64.whl", hash = "sha256:848f870a2bc72a29de7ab6756b9e8f2e6ce052e17873ebc6b3f25129b6e0d58a", size = 9360 },
    { url = "https://files.pythonhosted.org/packages/de/46/680a97d974cfe7af798542918b65bd8e65a5f8f7647edfd9fdb91a95df6c/glcontext-3.0.0-cp312-cp312-macosx_11_0_arm64.whl", hash = "sha256:4b3b12a66f57379566dd4d36899ac265abdbe040f3fc3293f50cd6678a1dcc9b", size = 9733 },
    { url = "https://files.pythonhosted.org/packages/74/2c/be188c4eb63b4d0cc74c644a1519b5e3a37488da3cbda724570cd5fed8d3/glcontext-3.0.0-cp312-cp312-manylinux_2_5_i686.manylinux1_i686.manylinux_2_17_i686.manylinux2014_i686.whl", hash = "sha256:449eaefd89c0519900715b8363ead59ac4aa32457722ca521ce01297441edb34", size = 50409 },
    { url = "https://files.pythonhosted.org/packages/32/ba/9ccb80650e5bd61e739f16f33aec3bb290a80f314631be8f7dc0a2b22b5f/glcontext-3.0.0-cp312-cp312-manylinux_2_5_x86_64.manylinux1_x86_64.manylinux_2_17_x86_64.manylinux2014_x86_64.whl", hash = "sha256:04921720740438ceea8fb8a38b5665963520c7c8f27bef03df8aeb3ea3cfbfb6", size = 51440 },
    { url = "https://files.pythonhosted.org/packages/c0/99/f6c9a0e614809ba5b83bd8403c475b788bd574d694bd5bc6b6ae2e2cefdf/glcontext-3.0.0-cp312-cp312-musllinux_1_2_i686.whl", hash = "sha256:25538bdb106f673638d70e8a16a0c037a92a24c4cf40a05f0d3fa14b483d6194", size = 44820 },
    { url = "https://files.pythonhosted.org/packages/a2/29/fdbb94e4c9374390639b741774384f7413efcd7634cc9c4baacc2cf00a1f/glcontext-3.0.0-cp312-cp312-musllinux_1_2_x86_64.whl", hash = "sha256:d11f7701b900a5a34c994e1d91c547be1cc469b73f881471460fd905f69f9e4c", size = 47055 },
    { url = "https://files.pythonhosted.org/packages/5d/fe/25b5348fe5e856697dacad34fc07e80f48eecfb38bd09806679fe0e62769/glcontext-3.0.0-cp312-cp312-win32.whl", hash = "sha256:5d2b567eaf34adb016aadce81fd2f1d4c8e4a39e3d6f2a395ce528e2a350dd3f", size = 12219 },
    { url = "https://files.pythonhosted.org/packages/17/d3/6619693ddad97011ca1c9aaeb82216ab2bfd54757be752b12f4e9a2fc489/glcontext-3.0.0-cp312-cp312-win_amd64.whl", hash = "sha256:e80bb37ba727bd20c192f2754aea40c437a7665005c1001c10752f91913964e9", size = 12971 },
    { url = "https://files.pythonhosted.org/packages/12/be/0ef6a6710164fde818040238b041b02a082a2b9d210f18632ab2354d863e/glcontext-3.0.0-cp313-cp313-macosx_10_13_x86_64.whl", hash = "sha256:5bd37089570d3cdb01c6c0b315c49ce8a4dcdab2c431f5ba9f37a8b633cebfdf", size = 9366 },
    { url = "https://files.pythonhosted.org/packages/b9/d7/c3220898d72fbf938660ba5789c19cf245d21b45802a5d86cbcc67d66413/glcontext-3.0.0-cp313-cp313-macosx_11_0_arm64.whl", hash = "sha256:857fd83e60f15580afd369dfb651a10d84a70ec35995622d253551bfb3ff9477", size = 9735 },
    { url = "https://files.pythonhosted.org/packages/74/c1/2d57062d2f2f6e55c58b12bdeab2a39b209f959df32039d099ecdfe96bf7/glcontext-3.0.0-cp313-cp313-manylinux_2_5_i686.manylinux1_i686.manylinux_2_17_i686.manylinux2014_i686.whl", hash = "sha256:93fda9b378ce6d91f366e83e71ebdafdd167280a9834d1d6341ce6457c4e42ed", size = 50166 },
    { url = "https://files.pythonhosted.org/packages/03/4d/7fee00c76d678b06529e939ab6f3e3190af30208fe2e984526899026a437/glcontext-3.0.0-cp313-cp313-manylinux_2_5_x86_64.manylinux1_x86_64.manylinux_2_17_x86_64.manylinux2014_x86_64.whl", hash = "sha256:89ad50d34aa62f03f6aaf6ae39fc27afd1b0eaefb0281aac51f686dc5672d473", size = 51186 },
    { url = "https://files.pythonhosted.org/packages/f0/58/dc9a56192b889587e51ea511804bad5dec816de81ce16831db9fe19d5c40/glcontext-3.0.0-cp313-cp313-musllinux_1_2_i686.whl", hash = "sha256:2634d5e9647a6d7b0c5a5c0c57e91ac98aa79759bffb42459af4374b049fab01", size = 44658 },
    { url = "https://files.pythonhosted.org/packages/aa/ed/acb12e67589deaa96ad29d6994c2b9383afd18700f4f2a42ff342628aac5/glcontext-3.0.0-cp313-cp313-musllinux_1_2_x86_64.whl", hash = "sha256:0140c5df37cb48271527355062d35589dc3e1e7e73b51adf9962ed5048115f69", size = 46882 },
    { url = "https://files.pythonhosted.org/packages/e0/6d/033ba23466d596c945f5f31f5c4e50cba3bc6664fdee58f6ceab54b76f4b/glcontext-3.0.0-cp313-cp313-win32.whl", hash = "sha256:6678e0552b516fa8fe62f500ef2b953bec991e82a003be2a9840d16556d03d2e", size = 12220 },
    { url = "https://files.pythonhosted.org/packages/53/b4/f0e0860526b8661ec6ae2b25a15b61100e551f57f488613c564752173a56/glcontext-3.0.0-cp313-cp313-win_amd64.whl", hash = "sha256:18aa4b1df50e8c8ea39bd0f775f39bcc987521f92c4ed019ec7d70078471354d", size = 12971 },
]

[[package]]
name = "moderngl"
version = "5.12.0"
source = { registry = "https://pypi.org/simple" }
dependencies = [
    { name = "glcontext" },
]
sdist = { url = "https://files.pythonhosted.org/packages/da/52/540e2f8c45060bb2709f56eb5a44ae828dfcc97ccecb342c1a7deb467889/moderngl-5.12.0.tar.gz", hash = "sha256:52936a98ccb2f2e1d6e3cb18528b2919f6831e7e3f924e788b5873badce5129b", size = 193232 }
wheels = [
    { url = "https://files.pythonhosted.org/packages/3c/66/31161e81bc85ca3cdbb9d94f703f21575e4ae9a2919e9d1af98fc7fdb1ba/moderngl-5.12.0-cp312-cp312-macosx_10_13_x86_64.whl", hash = "sha256:2750547707c1ec3790dfbeb9c90fb808672ff13f61cac392c706ba09fda10db0", size = 112101 },
    { url = "https://files.pythonhosted.org/packages/84/b2/7229a89a40d33a95119a7c64c7ee36a6a6e376c57c39fb577ea513602f37/moderngl-5.12.0-cp312-cp312-macosx_11_0_arm64.whl", hash = "sha256:c5c2a5fe06c7021183d9274df798f25516409c8d55898c324dae8a0b2de10144", size = 109377 },
    { url = "https://files.pythonhosted.org/packages/d7/96/bcb5141eae24474d80b8157b0c3055d25fa75f9804d4abb4a514695bbba9/moderngl-5.12.0-cp312-cp312-manylinux_2_17_x86_64.manylinux2014_x86_64.whl", hash = "sha256:b6c4972f3ddd10a3de6c30311da2c25bc493d023796e16c5d4e0f8bd6d5770be", size = 296394 },
    { url = "https://files.pythonhosted.org/packages/b8/79/a9998ddf6757f4f15888b0a106d80a64a8c8991a8ce5c14047830704b9e6/moderngl-5.12.0-cp312-cp312-manylinux_2_5_i686.manylinux1_i686.manylinux_2_17_i686.manylinux2014_i686.whl", hash = "sha256:a4d497ec6a3f6afa9ebd0be816d9bfe2fe20fec2105acfb88d956619c3ed8eb4", size = 270548 },
    { url = "https://files.pythonhosted.org/packages/17/f4/313dc301db936b231035b961e004f1914c2954bdcdf4985e24bff15e7ed5/moderngl-5.12.0-cp312-cp312-musllinux_1_2_i686.whl", hash = "sha256:2f3d240e9bc5d83257378bae59f8f35638b89d22bb003cf674b88fd7932161ce", size = 1345817 },
    { url = "https://files.pythonhosted.org/packages/8c/6f/7b3587e7e3ae633b8c85038f035dfeb348ebf805de4beb01241c59c6b97c/moderngl-5.12.0-cp312-cp312-musllinux_1_2_x86_64.whl", hash = "sha256:6fa667d560d842e778e2a5968305fb78f9781616a11b1b93acd2562f97262ccf", size = 1274968 },
    { url = "https://files.pythonhosted.org/packages/4f/e8/0f3b3cd1be7b0a93f33dc613f76a42021d1393b4949c5b6a1ca2a01c6772/moderngl-5.12.0-cp312-cp312-win32.whl", hash = "sha256:0a02fddd54dccee1ca6060bfed75a2e6a17dd3ee06920fac418506d8a8233849", size = 101221 },
    { url = "https://files.pythonhosted.org/packages/56/85/35498b1821cf31c731b1882168db8924207ff3c06d8f0da53e1cc373a89d/moderngl-5.12.0-cp312-cp312-win_amd64.whl", hash = "sha256:8698a59ad03539a2982125b7998efc1c107ba31d5d03437b6fcd72cb2c226922", size = 108525 },
    { url = "https://files.pythonhosted.org/packages/39/13/cf493bdc3cb4f7a6b4fb357e683404dc8a97d19f53d501e4afdd679538e2/moderngl-5.12.0-cp313-cp313-macosx_10_13_x86_64.whl", hash = "sha256:f6efb432f5164f871471d1da36e3a4be9dc3efd7a1e48d0ac6b751e556af5d02", size = 112118 },
    { url = "https://files.pythonhosted.org/packages/a9/1f/1d84bba5f42fb19ce240d08d5434fe8e2f34341e68bb9fa89336b6cbdcfc/moderngl-5.12.0-cp313-cp313-macosx_11_0_arm64.whl", hash = "sha256:9b09d8d15b2eaab41c8646a664429ec86af225fa25096758497cd212489d2e1e", size = 109371 },
    { url = "https://files.pythonhosted.org/packages/be/ae/bda0b95878e2b36eac66f64d88c08e6c8ea759607f7d40e843a21c2f4f32/moderngl-5.12.0-cp313-cp313-manylinux_2_17_x86_64.manylinux2014_x86_64.whl", hash = "sha256:071042dd4846e58cbe204cf49341b62cd209fdcb6d48018feb5a61c66707fcb2", size = 296206 },
    { url = "https://files.pythonhosted.org/packages/28/bc/93dc73251bcdb9c0f6f5c9a1d97ec2134672c307c68e6106948eab1f73d4/moderngl-5.12.0-cp313-cp313-manylinux_2_5_i686.manylinux1_i686.manylinux_2_17_i686.manylinux2014_i686.whl", hash = "sha256:91db8302ac7f5d7a82a967388677e1378ff078f1e16d05da37ce77f4633b93b1", size = 270443 },
    { url = "https://files.pythonhosted.org/packages/2e/a1/bd72c788b16c2392d3e1ebb570e56d7f871eaa1854f57917c0f131acb365/moderngl-5.12.0-cp313-cp313-musllinux_1_2_i686.whl", hash = "sha256:51971d65ec96a212a814350c8b324ae0754353e1b61826d1a06aa2d060df170e", size = 1345675 },
    { url = "https://files.pythonhosted.org/packages/b2/ec/6aff8fa267d9f80e4d32b7a606fdf9f0563103441a7dbaa4f53e272a4ada/moderngl-5.12.0-cp313-cp313-musllinux_1_2_x86_64.whl", hash = "sha256:d56827360c19e831e986243b5daaf6a51006f1ec0d5372084ad446308763d19f", size = 1274906 },
    { url = "https://files.pythonhosted.org/packages/9f/4d/dc3ff763c125080e71b1095875f5dcc80949402019abc073bdfdbed1f4c2/moderngl-5.12.0-cp313-cp313-win32.whl", hash = "sha256:caa432c12b138a6c9571719075c4d103bdc2504cd31aeda38a00ad10fcf268cb", size = 101215 },
    { url = "https://files.pythonhosted.org/packages/2c/8b/0a264732e0ee49fca109e98ec28f4d0c326ffc31466aa6e9668e8961aabb/moderngl-5.12.0-cp313-cp313-win_amd64.whl", hash = "sha256:e34d1cd38f7998258f76a08bb5e87f351ec653b7ea1928b2711f8719c10cefd1", size = 108514 },
]

[[package]]
name = "moderngl-playground"
version = "0.1.0"
source = { editable = "." }
dependencies = [
    { name = "moderngl" },
    { name = "moderngl-window" },
]

[package.dev-dependencies]
dev = [
    { name = "autopep8" },
    { name = "debugpy" },
]

[package.metadata]
requires-dist = [
    { name = "moderngl", specifier = ">=5.12.0" },
    { name = "moderngl-window", specifier = ">=3.0.3" },
]

[package.metadata.requires-dev]
dev = [
    { name = "autopep8", specifier = ">=2.3.1" },
    { name = "debugpy", specifier = ">=1.8.11" },
]

[[package]]
name = "moderngl-window"
version = "3.0.3"
source = { registry = "https://pypi.org/simple" }
dependencies = [
    { name = "moderngl" },
    { name = "numpy" },
    { name = "pillow" },
    { name = "pyglet" },
    { name = "pyglm" },
]
sdist = { url = "https://files.pythonhosted.org/packages/3c/16/de061149e35208cee45f1365019692a237046dc02fa413d07d28549c4811/moderngl_window-3.0.3.tar.gz", hash = "sha256:b6108c2396cc54d444c11d7fc77a4db0c2c9a4d74c438ab75ea0ea61949b3143", size = 352522 }
wheels = [
    { url = "https://files.pythonhosted.org/packages/5a/36/89ff8b3d84ea796c582fd66a7a00cc7c28e1b52998b84e38d5368463b528/moderngl_window-3.0.3-py3-none-any.whl", hash = "sha256:897d7b3b489824b352218561514979e78c4069172a73e42386f7f22db51029da", size = 381727 },
]

[[package]]
name = "numpy"
version = "2.2.0"
source = { registry = "https://pypi.org/simple" }
sdist = { url = "https://files.pythonhosted.org/packages/47/1b/1d565e0f6e156e1522ab564176b8b29d71e13d8caf003a08768df3d5cec5/numpy-2.2.0.tar.gz", hash = "sha256:140dd80ff8981a583a60980be1a655068f8adebf7a45a06a6858c873fcdcd4a0", size = 20225497 }
wheels = [
    { url = "https://files.pythonhosted.org/packages/7f/bc/a20dc4e1d051149052762e7647455311865d11c603170c476d1e910a353e/numpy-2.2.0-cp312-cp312-macosx_10_13_x86_64.whl", hash = "sha256:cff210198bb4cae3f3c100444c5eaa573a823f05c253e7188e1362a5555235b3", size = 20909153 },
    { url = "https://files.pythonhosted.org/packages/60/3d/ac4fb63f36db94f4c7db05b45e3ecb3f88f778ca71850664460c78cfde41/numpy-2.2.0-cp312-cp312-macosx_11_0_arm64.whl", hash = "sha256:58b92a5828bd4d9aa0952492b7de803135038de47343b2aa3cc23f3b71a3dc4e", size = 14095021 },
    { url = "https://files.pythonhosted.org/packages/41/6d/a654d519d24e4fcc7a83d4a51209cda086f26cf30722b3d8ffc1aa9b775e/numpy-2.2.0-cp312-cp312-macosx_14_0_arm64.whl", hash = "sha256:ebe5e59545401fbb1b24da76f006ab19734ae71e703cdb4a8b347e84a0cece67", size = 5125491 },
    { url = "https://files.pythonhosted.org/packages/e6/22/fab7e1510a62e5092f4e6507a279020052b89f11d9cfe52af7f52c243b04/numpy-2.2.0-cp312-cp312-macosx_14_0_x86_64.whl", hash = "sha256:e2b8cd48a9942ed3f85b95ca4105c45758438c7ed28fff1e4ce3e57c3b589d8e", size = 6658534 },
    { url = "https://files.pythonhosted.org/packages/fc/29/a3d938ddc5a534cd53df7ab79d20a68db8c67578de1df0ae0118230f5f54/numpy-2.2.0-cp312-cp312-manylinux_2_17_aarch64.manylinux2014_aarch64.whl", hash = "sha256:57fcc997ffc0bef234b8875a54d4058afa92b0b0c4223fc1f62f24b3b5e86038", size = 14046306 },
    { url = "https://files.pythonhosted.org/packages/90/24/d0bbb56abdd8934f30384632e3c2ca1ebfeb5d17e150c6e366ba291de36b/numpy-2.2.0-cp312-cp312-manylinux_2_17_x86_64.manylinux2014_x86_64.whl", hash = "sha256:85ad7d11b309bd132d74397fcf2920933c9d1dc865487128f5c03d580f2c3d03", size = 16095819 },
    { url = "https://files.pythonhosted.org/packages/99/9c/58a673faa9e8a0e77248e782f7a17410cf7259b326265646fd50ed49c4e1/numpy-2.2.0-cp312-cp312-musllinux_1_2_aarch64.whl", hash = "sha256:cb24cca1968b21355cc6f3da1a20cd1cebd8a023e3c5b09b432444617949085a", size = 15243215 },
    { url = "https://files.pythonhosted.org/packages/9c/61/f311693f78cbf635cfb69ce9e1e857ff83937a27d93c96ac5932fd33e330/numpy-2.2.0-cp312-cp312-musllinux_1_2_x86_64.whl", hash = "sha256:0798b138c291d792f8ea40fe3768610f3c7dd2574389e37c3f26573757c8f7ef", size = 17860175 },
    { url = "https://files.pythonhosted.org/packages/11/3e/491c34262cb1fc9dd13a00beb80d755ee0517b17db20e54cac7aa524533e/numpy-2.2.0-cp312-cp312-win32.whl", hash = "sha256:afe8fb968743d40435c3827632fd36c5fbde633b0423da7692e426529b1759b1", size = 6273281 },
    { url = "https://files.pythonhosted.org/packages/89/ea/00537f599eb230771157bc509f6ea5b2dddf05d4b09f9d2f1d7096a18781/numpy-2.2.0-cp312-cp312-win_amd64.whl", hash = "sha256:3a4199f519e57d517ebd48cb76b36c82da0360781c6a0353e64c0cac30ecaad3", size = 12613227 },
    { url = "https://files.pythonhosted.org/packages/bd/4c/0d1eef206545c994289e7a9de21b642880a11e0ed47a2b0c407c688c4f69/numpy-2.2.0-cp313-cp313-macosx_10_13_x86_64.whl", hash = "sha256:f8c8b141ef9699ae777c6278b52c706b653bf15d135d302754f6b2e90eb30367", size = 20895707 },
    { url = "https://files.pythonhosted.org/packages/16/cb/88f6c1e6df83002c421d5f854ccf134aa088aa997af786a5dac3f32ec99b/numpy-2.2.0-cp313-cp313-macosx_11_0_arm64.whl", hash = "sha256:0f0986e917aca18f7a567b812ef7ca9391288e2acb7a4308aa9d265bd724bdae", size = 14110592 },
    { url = "https://files.pythonhosted.org/packages/b4/54/817e6894168a43f33dca74199ba0dd0f1acd99aa6323ed6d323d63d640a2/numpy-2.2.0-cp313-cp313-macosx_14_0_arm64.whl", hash = "sha256:1c92113619f7b272838b8d6702a7f8ebe5edea0df48166c47929611d0b4dea69", size = 5110858 },
    { url = "https://files.pythonhosted.org/packages/c7/99/00d8a1a8eb70425bba7880257ed73fed08d3e8d05da4202fb6b9a81d5ee4/numpy-2.2.0-cp313-cp313-macosx_14_0_x86_64.whl", hash = "sha256:5a145e956b374e72ad1dff82779177d4a3c62bc8248f41b80cb5122e68f22d13", size = 6645143 },
    { url = "https://files.pythonhosted.org/packages/34/86/5b9c2b7c56e7a9d9297a0a4be0b8433f498eba52a8f5892d9132b0f64627/numpy-2.2.0-cp313-cp313-manylinux_2_17_aarch64.manylinux2014_aarch64.whl", hash = "sha256:18142b497d70a34b01642b9feabb70156311b326fdddd875a9981f34a369b671", size = 14042812 },
    { url = "https://files.pythonhosted.org/packages/df/54/13535f74391dbe5f479ceed96f1403267be302c840040700d4fd66688089/numpy-2.2.0-cp313-cp313-manylinux_2_17_x86_64.manylinux2014_x86_64.whl", hash = "sha256:a7d41d1612c1a82b64697e894b75db6758d4f21c3ec069d841e60ebe54b5b571", size = 16093419 },
    { url = "https://files.pythonhosted.org/packages/dd/37/dfb2056842ac61315f225aa56f455da369f5223e4c5a38b91d20da1b628b/numpy-2.2.0-cp313-cp313-musllinux_1_2_aarch64.whl", hash = "sha256:a98f6f20465e7618c83252c02041517bd2f7ea29be5378f09667a8f654a5918d", size = 15238969 },
    { url = "https://files.pythonhosted.org/packages/5a/3d/d20d24ee313992f0b7e7b9d9eef642d9b545d39d5b91c4a2cc8c98776328/numpy-2.2.0-cp313-cp313-musllinux_1_2_x86_64.whl", hash = "sha256:e09d40edfdb4e260cb1567d8ae770ccf3b8b7e9f0d9b5c2a9992696b30ce2742", size = 17855705 },
    { url = "https://files.pythonhosted.org/packages/5b/40/944c9ee264f875a2db6f79380944fd2b5bb9d712bb4a134d11f45ad5b693/numpy-2.2.0-cp313-cp313-win32.whl", hash = "sha256:3905a5fffcc23e597ee4d9fb3fcd209bd658c352657548db7316e810ca80458e", size = 6270078 },
    { url = "https://files.pythonhosted.org/packages/30/04/e1ee6f8b22034302d4c5c24e15782bdedf76d90b90f3874ed0b48525def0/numpy-2.2.0-cp313-cp313-win_amd64.whl", hash = "sha256:a184288538e6ad699cbe6b24859206e38ce5fba28f3bcfa51c90d0502c1582b2", size = 12605791 },
    { url = "https://files.pythonhosted.org/packages/ef/fb/51d458625cd6134d60ac15180ae50995d7d21b0f2f92a6286ae7b0792d19/numpy-2.2.0-cp313-cp313t-macosx_10_13_x86_64.whl", hash = "sha256:7832f9e8eb00be32f15fdfb9a981d6955ea9adc8574c521d48710171b6c55e95", size = 20920160 },
    { url = "https://files.pythonhosted.org/packages/b4/34/162ae0c5d2536ea4be98c813b5161c980f0443cd5765fde16ddfe3450140/numpy-2.2.0-cp313-cp313t-macosx_11_0_arm64.whl", hash = "sha256:f0dd071b95bbca244f4cb7f70b77d2ff3aaaba7fa16dc41f58d14854a6204e6c", size = 14119064 },
    { url = "https://files.pythonhosted.org/packages/17/6c/4195dd0e1c41c55f466d516e17e9e28510f32af76d23061ea3da67438e3c/numpy-2.2.0-cp313-cp313t-macosx_14_0_arm64.whl", hash = "sha256:b0b227dcff8cdc3efbce66d4e50891f04d0a387cce282fe1e66199146a6a8fca", size = 5152778 },
    { url = "https://files.pythonhosted.org/packages/2f/47/ea804ae525832c8d05ed85b560dfd242d34e4bb0962bc269ccaa720fb934/numpy-2.2.0-cp313-cp313t-macosx_14_0_x86_64.whl", hash = "sha256:6ab153263a7c5ccaf6dfe7e53447b74f77789f28ecb278c3b5d49db7ece10d6d", size = 6667605 },
    { url = "https://files.pythonhosted.org/packages/76/99/34d20e50b3d894bb16b5374bfbee399ab8ff3a33bf1e1f0b8acfe7bbd70d/numpy-2.2.0-cp313-cp313t-manylinux_2_17_aarch64.manylinux2014_aarch64.whl", hash = "sha256:e500aba968a48e9019e42c0c199b7ec0696a97fa69037bea163b55398e390529", size = 14013275 },
    { url = "https://files.pythonhosted.org/packages/69/8f/a1df7bd02d434ab82539517d1b98028985700cfc4300bc5496fb140ca648/numpy-2.2.0-cp313-cp313t-manylinux_2_17_x86_64.manylinux2014_x86_64.whl", hash = "sha256:440cfb3db4c5029775803794f8638fbdbf71ec702caf32735f53b008e1eaece3", size = 16074900 },
    { url = "https://files.pythonhosted.org/packages/04/94/b419e7a76bf21a00fcb03c613583f10e389fdc8dfe420412ff5710c8ad3d/numpy-2.2.0-cp313-cp313t-musllinux_1_2_aarch64.whl", hash = "sha256:a55dc7a7f0b6198b07ec0cd445fbb98b05234e8b00c5ac4874a63372ba98d4ab", size = 15219122 },
    { url = "https://files.pythonhosted.org/packages/65/d9/dddf398b2b6c5d750892a207a469c2854a8db0f033edaf72103af8cf05aa/numpy-2.2.0-cp313-cp313t-musllinux_1_2_x86_64.whl", hash = "sha256:4bddbaa30d78c86329b26bd6aaaea06b1e47444da99eddac7bf1e2fab717bd72", size = 17851668 },
    { url = "https://files.pythonhosted.org/packages/d4/dc/09a4e5819a9782a213c0eb4eecacdc1cd75ad8dac99279b04cfccb7eeb0a/numpy-2.2.0-cp313-cp313t-win32.whl", hash = "sha256:30bf971c12e4365153afb31fc73f441d4da157153f3400b82db32d04de1e4066", size = 6325288 },
    { url = "https://files.pythonhosted.org/packages/ce/e1/e0d06ec34036c92b43aef206efe99a5f5f04e12c776eab82a36e00c40afc/numpy-2.2.0-cp313-cp313t-win_amd64.whl", hash = "sha256:d35717333b39d1b6bb8433fa758a55f1081543de527171543a2b710551d40881", size = 12692303 },
]

[[package]]
name = "pillow"
version = "11.0.0"
source = { registry = "https://pypi.org/simple" }
sdist = { url = "https://files.pythonhosted.org/packages/a5/26/0d95c04c868f6bdb0c447e3ee2de5564411845e36a858cfd63766bc7b563/pillow-11.0.0.tar.gz", hash = "sha256:72bacbaf24ac003fea9bff9837d1eedb6088758d41e100c1552930151f677739", size = 46737780 }
wheels = [
    { url = "https://files.pythonhosted.org/packages/1c/a3/26e606ff0b2daaf120543e537311fa3ae2eb6bf061490e4fea51771540be/pillow-11.0.0-cp312-cp312-macosx_10_13_x86_64.whl", hash = "sha256:d2c0a187a92a1cb5ef2c8ed5412dd8d4334272617f532d4ad4de31e0495bd923", size = 3147642 },
    { url = "https://files.pythonhosted.org/packages/4f/d5/1caabedd8863526a6cfa44ee7a833bd97f945dc1d56824d6d76e11731939/pillow-11.0.0-cp312-cp312-macosx_11_0_arm64.whl", hash = "sha256:084a07ef0821cfe4858fe86652fffac8e187b6ae677e9906e192aafcc1b69903", size = 2978999 },
    { url = "https://files.pythonhosted.org/packages/d9/ff/5a45000826a1aa1ac6874b3ec5a856474821a1b59d838c4f6ce2ee518fe9/pillow-11.0.0-cp312-cp312-manylinux_2_17_aarch64.manylinux2014_aarch64.whl", hash = "sha256:8069c5179902dcdce0be9bfc8235347fdbac249d23bd90514b7a47a72d9fecf4", size = 4196794 },
    { url = "https://files.pythonhosted.org/packages/9d/21/84c9f287d17180f26263b5f5c8fb201de0f88b1afddf8a2597a5c9fe787f/pillow-11.0.0-cp312-cp312-manylinux_2_17_x86_64.manylinux2014_x86_64.whl", hash = "sha256:f02541ef64077f22bf4924f225c0fd1248c168f86e4b7abdedd87d6ebaceab0f", size = 4300762 },
    { url = "https://files.pythonhosted.org/packages/84/39/63fb87cd07cc541438b448b1fed467c4d687ad18aa786a7f8e67b255d1aa/pillow-11.0.0-cp312-cp312-manylinux_2_28_aarch64.whl", hash = "sha256:fcb4621042ac4b7865c179bb972ed0da0218a076dc1820ffc48b1d74c1e37fe9", size = 4210468 },
    { url = "https://files.pythonhosted.org/packages/7f/42/6e0f2c2d5c60f499aa29be14f860dd4539de322cd8fb84ee01553493fb4d/pillow-11.0.0-cp312-cp312-manylinux_2_28_x86_64.whl", hash = "sha256:00177a63030d612148e659b55ba99527803288cea7c75fb05766ab7981a8c1b7", size = 4381824 },
    { url = "https://files.pythonhosted.org/packages/31/69/1ef0fb9d2f8d2d114db982b78ca4eeb9db9a29f7477821e160b8c1253f67/pillow-11.0.0-cp312-cp312-musllinux_1_2_aarch64.whl", hash = "sha256:8853a3bf12afddfdf15f57c4b02d7ded92c7a75a5d7331d19f4f9572a89c17e6", size = 4296436 },
    { url = "https://files.pythonhosted.org/packages/44/ea/dad2818c675c44f6012289a7c4f46068c548768bc6c7f4e8c4ae5bbbc811/pillow-11.0.0-cp312-cp312-musllinux_1_2_x86_64.whl", hash = "sha256:3107c66e43bda25359d5ef446f59c497de2b5ed4c7fdba0894f8d6cf3822dafc", size = 4429714 },
    { url = "https://files.pythonhosted.org/packages/af/3a/da80224a6eb15bba7a0dcb2346e2b686bb9bf98378c0b4353cd88e62b171/pillow-11.0.0-cp312-cp312-win32.whl", hash = "sha256:86510e3f5eca0ab87429dd77fafc04693195eec7fd6a137c389c3eeb4cfb77c6", size = 2249631 },
    { url = "https://files.pythonhosted.org/packages/57/97/73f756c338c1d86bb802ee88c3cab015ad7ce4b838f8a24f16b676b1ac7c/pillow-11.0.0-cp312-cp312-win_amd64.whl", hash = "sha256:8ec4a89295cd6cd4d1058a5e6aec6bf51e0eaaf9714774e1bfac7cfc9051db47", size = 2567533 },
    { url = "https://files.pythonhosted.org/packages/0b/30/2b61876e2722374558b871dfbfcbe4e406626d63f4f6ed92e9c8e24cac37/pillow-11.0.0-cp312-cp312-win_arm64.whl", hash = "sha256:27a7860107500d813fcd203b4ea19b04babe79448268403172782754870dac25", size = 2254890 },
    { url = "https://files.pythonhosted.org/packages/63/24/e2e15e392d00fcf4215907465d8ec2a2f23bcec1481a8ebe4ae760459995/pillow-11.0.0-cp313-cp313-macosx_10_13_x86_64.whl", hash = "sha256:bcd1fb5bb7b07f64c15618c89efcc2cfa3e95f0e3bcdbaf4642509de1942a699", size = 3147300 },
    { url = "https://files.pythonhosted.org/packages/43/72/92ad4afaa2afc233dc44184adff289c2e77e8cd916b3ddb72ac69495bda3/pillow-11.0.0-cp313-cp313-macosx_11_0_arm64.whl", hash = "sha256:0e038b0745997c7dcaae350d35859c9715c71e92ffb7e0f4a8e8a16732150f38", size = 2978742 },
    { url = "https://files.pythonhosted.org/packages/9e/da/c8d69c5bc85d72a8523fe862f05ababdc52c0a755cfe3d362656bb86552b/pillow-11.0.0-cp313-cp313-manylinux_2_17_aarch64.manylinux2014_aarch64.whl", hash = "sha256:0ae08bd8ffc41aebf578c2af2f9d8749d91f448b3bfd41d7d9ff573d74f2a6b2", size = 4194349 },
    { url = "https://files.pythonhosted.org/packages/cd/e8/686d0caeed6b998351d57796496a70185376ed9c8ec7d99e1d19ad591fc6/pillow-11.0.0-cp313-cp313-manylinux_2_17_x86_64.manylinux2014_x86_64.whl", hash = "sha256:d69bfd8ec3219ae71bcde1f942b728903cad25fafe3100ba2258b973bd2bc1b2", size = 4298714 },
    { url = "https://files.pythonhosted.org/packages/ec/da/430015cec620d622f06854be67fd2f6721f52fc17fca8ac34b32e2d60739/pillow-11.0.0-cp313-cp313-manylinux_2_28_aarch64.whl", hash = "sha256:61b887f9ddba63ddf62fd02a3ba7add935d053b6dd7d58998c630e6dbade8527", size = 4208514 },
    { url = "https://files.pythonhosted.org/packages/44/ae/7e4f6662a9b1cb5f92b9cc9cab8321c381ffbee309210940e57432a4063a/pillow-11.0.0-cp313-cp313-manylinux_2_28_x86_64.whl", hash = "sha256:c6a660307ca9d4867caa8d9ca2c2658ab685de83792d1876274991adec7b93fa", size = 4380055 },
    { url = "https://files.pythonhosted.org/packages/74/d5/1a807779ac8a0eeed57f2b92a3c32ea1b696e6140c15bd42eaf908a261cd/pillow-11.0.0-cp313-cp313-musllinux_1_2_aarch64.whl", hash = "sha256:73e3a0200cdda995c7e43dd47436c1548f87a30bb27fb871f352a22ab8dcf45f", size = 4296751 },
    { url = "https://files.pythonhosted.org/packages/38/8c/5fa3385163ee7080bc13026d59656267daaaaf3c728c233d530e2c2757c8/pillow-11.0.0-cp313-cp313-musllinux_1_2_x86_64.whl", hash = "sha256:fba162b8872d30fea8c52b258a542c5dfd7b235fb5cb352240c8d63b414013eb", size = 4430378 },
    { url = "https://files.pythonhosted.org/packages/ca/1d/ad9c14811133977ff87035bf426875b93097fb50af747793f013979facdb/pillow-11.0.0-cp313-cp313-win32.whl", hash = "sha256:f1b82c27e89fffc6da125d5eb0ca6e68017faf5efc078128cfaa42cf5cb38798", size = 2249588 },
    { url = "https://files.pythonhosted.org/packages/fb/01/3755ba287dac715e6afdb333cb1f6d69740a7475220b4637b5ce3d78cec2/pillow-11.0.0-cp313-cp313-win_amd64.whl", hash = "sha256:8ba470552b48e5835f1d23ecb936bb7f71d206f9dfeee64245f30c3270b994de", size = 2567509 },
    { url = "https://files.pythonhosted.org/packages/c0/98/2c7d727079b6be1aba82d195767d35fcc2d32204c7a5820f822df5330152/pillow-11.0.0-cp313-cp313-win_arm64.whl", hash = "sha256:846e193e103b41e984ac921b335df59195356ce3f71dcfd155aa79c603873b84", size = 2254791 },
    { url = "https://files.pythonhosted.org/packages/eb/38/998b04cc6f474e78b563716b20eecf42a2fa16a84589d23c8898e64b0ffd/pillow-11.0.0-cp313-cp313t-macosx_10_13_x86_64.whl", hash = "sha256:4ad70c4214f67d7466bea6a08061eba35c01b1b89eaa098040a35272a8efb22b", size = 3150854 },
    { url = "https://files.pythonhosted.org/packages/13/8e/be23a96292113c6cb26b2aa3c8b3681ec62b44ed5c2bd0b258bd59503d3c/pillow-11.0.0-cp313-cp313t-macosx_11_0_arm64.whl", hash = "sha256:6ec0d5af64f2e3d64a165f490d96368bb5dea8b8f9ad04487f9ab60dc4bb6003", size = 2982369 },
    { url = "https://files.pythonhosted.org/packages/97/8a/3db4eaabb7a2ae8203cd3a332a005e4aba00067fc514aaaf3e9721be31f1/pillow-11.0.0-cp313-cp313t-manylinux_2_17_x86_64.manylinux2014_x86_64.whl", hash = "sha256:c809a70e43c7977c4a42aefd62f0131823ebf7dd73556fa5d5950f5b354087e2", size = 4333703 },
    { url = "https://files.pythonhosted.org/packages/28/ac/629ffc84ff67b9228fe87a97272ab125bbd4dc462745f35f192d37b822f1/pillow-11.0.0-cp313-cp313t-manylinux_2_28_x86_64.whl", hash = "sha256:4b60c9520f7207aaf2e1d94de026682fc227806c6e1f55bba7606d1c94dd623a", size = 4412550 },
    { url = "https://files.pythonhosted.org/packages/d6/07/a505921d36bb2df6868806eaf56ef58699c16c388e378b0dcdb6e5b2fb36/pillow-11.0.0-cp313-cp313t-musllinux_1_2_x86_64.whl", hash = "sha256:1e2688958a840c822279fda0086fec1fdab2f95bf2b717b66871c4ad9859d7e8", size = 4461038 },
    { url = "https://files.pythonhosted.org/packages/d6/b9/fb620dd47fc7cc9678af8f8bd8c772034ca4977237049287e99dda360b66/pillow-11.0.0-cp313-cp313t-win32.whl", hash = "sha256:607bbe123c74e272e381a8d1957083a9463401f7bd01287f50521ecb05a313f8", size = 2253197 },
    { url = "https://files.pythonhosted.org/packages/df/86/25dde85c06c89d7fc5db17940f07aae0a56ac69aa9ccb5eb0f09798862a8/pillow-11.0.0-cp313-cp313t-win_amd64.whl", hash = "sha256:5c39ed17edea3bc69c743a8dd3e9853b7509625c2462532e62baa0732163a904", size = 2572169 },
    { url = "https://files.pythonhosted.org/packages/51/85/9c33f2517add612e17f3381aee7c4072779130c634921a756c97bc29fb49/pillow-11.0.0-cp313-cp313t-win_arm64.whl", hash = "sha256:75acbbeb05b86bc53cbe7b7e6fe00fbcf82ad7c684b3ad82e3d711da9ba287d3", size = 2256828 },
]

[[package]]
name = "pycodestyle"
version = "2.12.1"
source = { registry = "https://pypi.org/simple" }
sdist = { url = "https://files.pythonhosted.org/packages/43/aa/210b2c9aedd8c1cbeea31a50e42050ad56187754b34eb214c46709445801/pycodestyle-2.12.1.tar.gz", hash = "sha256:6838eae08bbce4f6accd5d5572075c63626a15ee3e6f842df996bf62f6d73521", size = 39232 }
wheels = [
    { url = "https://files.pythonhosted.org/packages/3a/d8/a211b3f85e99a0daa2ddec96c949cac6824bd305b040571b82a03dd62636/pycodestyle-2.12.1-py2.py3-none-any.whl", hash = "sha256:46f0fb92069a7c28ab7bb558f05bfc0110dac69a0cd23c61ea0040283a9d78b3", size = 31284 },
]

[[package]]
name = "pyglet"
version = "2.0.20"
source = { registry = "https://pypi.org/simple" }
sdist = { url = "https://files.pythonhosted.org/packages/f7/f4/9ff17629bbb818d6fd88f1d74ef117d4eba3bee8a54c14265f86a6c18f86/pyglet-2.0.20.tar.gz", hash = "sha256:702ea52b1fc1b6447904d2edd579212b29f1b3475e098ac49b57647a064accb7", size = 6488999 }
wheels = [
    { url = "https://files.pythonhosted.org/packages/d3/21/6583a53b9910ece5fd6db9590ae88dc24fd0d5ef76f7c6717b8761388fb8/pyglet-2.0.20-py3-none-any.whl", hash = "sha256:341cdc506fe97c4d8c4fb35aac89cefcb0ca6bf59eddcf2d1078c327dde1f02e", size = 945058 },
]

[[package]]
name = "pyglm"
version = "2.7.3"
source = { registry = "https://pypi.org/simple" }
sdist = { url = "https://files.pythonhosted.org/packages/fe/a1/123daa472f20022785b18d6cdf6c71e30272aae03584a8ab861fa5fa01a5/pyglm-2.7.3.tar.gz", hash = "sha256:4ccb6c027622b948aebc501cd8c3c23690293115dc98108f8ed3b7fd533b398f", size = 483055 }
wheels = [
    { url = "https://files.pythonhosted.org/packages/08/31/8fb5f31eee897daf8b579410c52c275c72be80245cd6ac83a0d86b1ac1c9/PyGLM-2.7.3-cp312-cp312-macosx_10_13_x86_64.whl", hash = "sha256:5bfebc0caaa0a0096957d984416081a503b1cbd2ba79a0cd0add64e741144247", size = 1586946 },
    { url = "https://files.pythonhosted.org/packages/dd/e3/c8486e4f82b6f88381e405f3fdae36dfd822c726b42da8251bca87fcdb61/PyGLM-2.7.3-cp312-cp312-macosx_11_0_arm64.whl", hash = "sha256:265827ca2eecc7f50d1a37c412b6ed8118ec909f4a5198b2c0a7a914bc33c4a0", size = 1319015 },
    { url = "https://files.pythonhosted.org/packages/b1/55/bc257f2ad7d499ed0c267e744d8c2e838600dff98efb9d43a7cc8752a93a/PyGLM-2.7.3-cp312-cp312-manylinux_2_17_aarch64.manylinux2014_aarch64.whl", hash = "sha256:243890559980131351281007e308e2db0dc52f5dedf1ce0f21383d32cbd3f367", size = 11441393 },
    { url = "https://files.pythonhosted.org/packages/73/8c/2055c41930860d0b2294059fd0d820e6b376e8cecd1459b0a5f7f9632ca6/PyGLM-2.7.3-cp312-cp312-manylinux_2_17_i686.manylinux2014_i686.whl", hash = "sha256:78bb3f32fc92bf0f86527e8143ea861365fdecc05725932eef424346a1948b5b", size = 10820017 },
    { url = "https://files.pythonhosted.org/packages/0f/eb/efac9990e7f95838ce00fedebc1a9713a273fa0f9580eb816ef7d291d489/PyGLM-2.7.3-cp312-cp312-manylinux_2_17_s390x.manylinux2014_s390x.whl", hash = "sha256:b9b193cf4d16b2f43d3458aeaaa29d6cad4f5f2518a3562f3c9b6e361d2d2623", size = 11971119 },
    { url = "https://files.pythonhosted.org/packages/5a/c9/39bb3a16e4402dd6f24a0a923d3a581cde086d7ea4d5cccb9672bf370e03/PyGLM-2.7.3-cp312-cp312-manylinux_2_17_x86_64.manylinux2014_x86_64.whl", hash = "sha256:15a26ac12fb7728b71a45ca9535e6c96cff5a9a1e5beae306ece37073513d519", size = 11968086 },
    { url = "https://files.pythonhosted.org/packages/47/bc/0e7c58847c2ab8f4fa62c6b7c4995c94c9ef50e7803b5aa65cfd9861fcd5/PyGLM-2.7.3-cp312-cp312-manylinux_2_27_aarch64.manylinux_2_28_aarch64.whl", hash = "sha256:bec15034f7c21b2c3c1b70d878f0590aad6a445a0e1290172cc90dccc7a71afb", size = 11009953 },
    { url = "https://files.pythonhosted.org/packages/45/e5/7d1fd80c1554cae210aed2df37524b4c2ad76b67fb069d5012d585a41196/PyGLM-2.7.3-cp312-cp312-manylinux_2_27_s390x.manylinux_2_28_s390x.whl", hash = "sha256:a8253002a1732622bbd8c605baf7ac03b9e1629cfe1136261e651b82204e31d7", size = 11537659 },
    { url = "https://files.pythonhosted.org/packages/59/eb/093167bfdd143f2920869f1ff1ee85f3d1c7f51ebe8d9cd8cf587de9bf84/PyGLM-2.7.3-cp312-cp312-manylinux_2_27_x86_64.manylinux_2_28_x86_64.whl", hash = "sha256:5846787ae297623fe2a09e2a94814f1ca71a80ab929edc5bae93fcbefab7b559", size = 11463684 },
    { url = "https://files.pythonhosted.org/packages/c5/0c/6dea0ceecdee3e7b9479bc44da6a3927f80921280d2e0d0994d6d3b70a19/PyGLM-2.7.3-cp312-cp312-musllinux_1_1_aarch64.whl", hash = "sha256:598404cdfc3fe5bbd6429a1c7879bc6516057827c9e6c2879b22167948854ec6", size = 12404908 },
    { url = "https://files.pythonhosted.org/packages/af/a7/1fa292957b290e4cf2cc62d42edb76545d4773034e4e5a2fb1cfe84c350d/PyGLM-2.7.3-cp312-cp312-musllinux_1_1_i686.whl", hash = "sha256:a71de9de8bf2c585777fdfdde877082722582651a65cb6ab1e6be48299cbdd56", size = 11655722 },
    { url = "https://files.pythonhosted.org/packages/93/87/e01a1f6c3ef40cb5266199a896b756d3d7bc0bd34a24613da213a572772a/PyGLM-2.7.3-cp312-cp312-musllinux_1_1_s390x.whl", hash = "sha256:a49f073a52ca26bf7672aa0685a75f0cb41201e84094ef8aa08c7d9432436bf5", size = 13180552 },
    { url = "https://files.pythonhosted.org/packages/e0/8d/ef84ef6eda2c25a8429233637d54db543721fb7a255b6f885c649dec992b/PyGLM-2.7.3-cp312-cp312-musllinux_1_1_x86_64.whl", hash = "sha256:e37cf83588ff9bc0e8019612c667c4b45a2b1cb195e3890a4609056fa2eda8b4", size = 12959912 },
    { url = "https://files.pythonhosted.org/packages/e8/c3/5259f4c683d4fdfe552229c572750802d4cc630a2283d0320e66785d3cb4/PyGLM-2.7.3-cp312-cp312-win32.whl", hash = "sha256:8b2cf3857dfe598e8f7210aba3990b6b3bc73cb7ee43d422ef8920b1e28aba52", size = 1255103 },
    { url = "https://files.pythonhosted.org/packages/f3/25/2bb4ae6ef04bbd4b4129b63497757e5c72f94805b6f09dc8cc085816ebf9/PyGLM-2.7.3-cp312-cp312-win_amd64.whl", hash = "sha256:4018fbdf125b95d6295e2e3e9f6b1306a204df751d70736f78144cdde07cd721", size = 1592827 },
    { url = "https://files.pythonhosted.org/packages/9b/b0/c145525c037b3f9e88803dd45f33aaa718b00d598c0a57db6b9f7763c4b8/PyGLM-2.7.3-cp312-cp312-win_arm64.whl", hash = "sha256:5465b95bc92d0807a5289559bede5e18f084a6940a8d607f4fbe2457ba21989e", size = 1142855 },
    { url = "https://files.pythonhosted.org/packages/ea/0a/12ea6f3ef6c0ccec95126d639e02cbe74954e54447b3fad27c808db90004/PyGLM-2.7.3-cp313-cp313-macosx_10_13_x86_64.whl", hash = "sha256:d38d3e15098458f7c13db98c3bed936aa6313f7d20eb83968ee2b4c36a7722d6", size = 1586959 },
    { url = "https://files.pythonhosted.org/packages/92/48/2cb33a89245ea0235578905d89dbe633decb1005a4364068ca82b797be83/PyGLM-2.7.3-cp313-cp313-macosx_11_0_arm64.whl", hash = "sha256:f8fe12b0b048e9c5d35647f05ee7fa6c0aebedbc1cb6d4b4f75df5d7b9c16ab3", size = 1319020 },
    { url = "https://files.pythonhosted.org/packages/8f/3b/3bed2074836bfd311362f6c2b5809297e1848aa8c33ad7ed878aaaa265ee/PyGLM-2.7.3-cp313-cp313-manylinux_2_17_aarch64.manylinux2014_aarch64.whl", hash = "sha256:1928999a93ce156665f72b3c799c66a539f114025f4bcae894d46f09ff0ec39c", size = 11443463 },
    { url = "https://files.pythonhosted.org/packages/57/39/4e22b584ae28a99a36057883492eb63f453cf4fa07b7f65d04a4ebd77385/PyGLM-2.7.3-cp313-cp313-manylinux_2_17_i686.manylinux2014_i686.whl", hash = "sha256:7b846eec69f21faf17310562bf7aa3163b2e6dad391c2ddc22e76d3dded8b2e5", size = 10820269 },
    { url = "https://files.pythonhosted.org/packages/c2/48/4ec974cadb1781a45ff3e281f32062057db51aecf43f82c88e8eb10d9809/PyGLM-2.7.3-cp313-cp313-manylinux_2_17_s390x.manylinux2014_s390x.whl", hash = "sha256:5af9ca9802d588910d8f72706690dcd276a82256a828a17f1a4bf898f84da82b", size = 11971271 },
    { url = "https://files.pythonhosted.org/packages/18/ff/28d76e80f8b609465ac91170edb913a9c8351db1fbf5432b429eb43198da/PyGLM-2.7.3-cp313-cp313-manylinux_2_17_x86_64.manylinux2014_x86_64.whl", hash = "sha256:d9d1d471cffee49dc2256f1c9f43600224e10a88a128dfd398b2af2e2104277c", size = 11968742 },
    { url = "https://files.pythonhosted.org/packages/76/8a/4708401d2c9bfae750c3017ffe9d1bd024bc3ebfadcb72783c85205a5a16/PyGLM-2.7.3-cp313-cp313-manylinux_2_27_aarch64.manylinux_2_28_aarch64.whl", hash = "sha256:a415d83a20021a2544276cc122fbea4540493f7a30f9e08da7d185d04e9ca71d", size = 11011544 },
    { url = "https://files.pythonhosted.org/packages/eb/32/237e544cb5d7800064c1affbad551f281de0de5302e11f9216ee0e1781bd/PyGLM-2.7.3-cp313-cp313-manylinux_2_27_s390x.manylinux_2_28_s390x.whl", hash = "sha256:fe0451bc8973260fa9e029773a57d4095c5e08a9f88a979f9699dfe196a956d7", size = 11538130 },
    { url = "https://files.pythonhosted.org/packages/1f/8b/58b6917eab49167c9b7e955067c17b8f12d8974a13a158d06a2a8dc23290/PyGLM-2.7.3-cp313-cp313-manylinux_2_27_x86_64.manylinux_2_28_x86_64.whl", hash = "sha256:f8143b81200d9c9d26442a7ba1614d64aeb319363057bec12d9330591c4f8cf5", size = 11465061 },
    { url = "https://files.pythonhosted.org/packages/58/51/609b1788dace10b720074548c09c2a41f1e4a33ceab7651ad5b108919044/PyGLM-2.7.3-cp313-cp313-musllinux_1_1_aarch64.whl", hash = "sha256:5c3425a3118924e0d148b9ee6dcf6f001fc55326e9f2bbed8360c5d71575e28e", size = 12406002 },
    { url = "https://files.pythonhosted.org/packages/ec/51/e5e20232bb1a667fdc5590a9841df79a2756cb4dffd3d7fb254885587bfd/PyGLM-2.7.3-cp313-cp313-musllinux_1_1_i686.whl", hash = "sha256:5dfb81078d4f9bc5c86be7939f1ab6265192ed16d18ab06fd062c6fcbe649195", size = 11655425 },
    { url = "https://files.pythonhosted.org/packages/b1/c6/29053e449bff3c7417928fbc21b67569c00109ceb3a105fb5c1c8666431e/PyGLM-2.7.3-cp313-cp313-musllinux_1_1_s390x.whl", hash = "sha256:a27c0e0594592f44a3eeebc628974f27095751398184050e333d07884c0f0176", size = 13180433 },
    { url = "https://files.pythonhosted.org/packages/31/f7/92e89e3eb761788a823e0fa863b93ab2ae3c927b27c2eea8c90c607d06c0/PyGLM-2.7.3-cp313-cp313-musllinux_1_1_x86_64.whl", hash = "sha256:8e9f88e62962685f1b0ac4aed8d77aabdf5fa95c6bc4894ea15ac9dc79842ad3", size = 12960300 },
    { url = "https://files.pythonhosted.org/packages/b0/1c/8944d4bd6a8e30d253893a15a4aa71e46da46a870d9c971431a75f12d728/PyGLM-2.7.3-cp313-cp313-win32.whl", hash = "sha256:c9048d98d622e8a95601482bd892a76c8da152bcfcef5d16d279c5bb507a09a7", size = 1255109 },
    { url = "https://files.pythonhosted.org/packages/96/e4/701cf1d5f724b2f9681aa5f6eb8924afd808ca359a29d9795c87b6c22162/PyGLM-2.7.3-cp313-cp313-win_amd64.whl", hash = "sha256:68167968ee91ab176bf9a6e6afaadf4c0c65417c29fecc9f32c6da698ad028db", size = 1592861 },
    { url = "https://files.pythonhosted.org/packages/03/ec/23be89423aa474d521791c3ae7c52e1dcaff9887406fb953f053585e11eb/PyGLM-2.7.3-cp313-cp313-win_arm64.whl", hash = "sha256:24622c249eb315588c042df3b960d3bd90ab6e01caf52009b546b526575d5e91", size = 1142911 },
]
